// !$*UTF8*$!
{
	archiveVersion = 1;
	classes = {
	};
	objectVersion = 77;
	objects = {

/* Begin PBXCopyFilesBuildPhase section */
		668AAA972DB1034A006D2BDA /* CopyFiles */ = {
			isa = PBXCopyFilesBuildPhase;
			buildActionMask = 2147483647;
			dstPath = /usr/share/man/man1/;
			dstSubfolderSpec = 0;
			files = (
			);
			runOnlyForDeploymentPostprocessing = 1;
		};
		668C5A602DEF4CF000D36459 /* CopyFiles */ = {
			isa = PBXCopyFilesBuildPhase;
			buildActionMask = 2147483647;
			dstPath = /usr/share/man/man1/;
			dstSubfolderSpec = 0;
			files = (
			);
			runOnlyForDeploymentPostprocessing = 1;
		};
/* End PBXCopyFilesBuildPhase section */

/* Begin PBXFileReference section */
		669C940D2E439533007E397E /* config1.ini */ = {isa = PBXFileReference; lastKnownFileType = text; path = config1.ini; sourceTree = "<group>"; };
		669C94A42E4A4DF2007E397E /* test */ = {isa = PBXFileReference; explicitFileType = "compiled.mach-o.executable"; includeInIndex = 0; path = test; sourceTree = BUILT_PRODUCTS_DIR; };
		66A1FBC42E3E70DB00C1B398 /* config.ini */ = {isa = PBXFileReference; lastKnownFileType = text; path = config.ini; sourceTree = "<group>"; };
		66FCE7C32E5217EE005F07E6 /* rt */ = {isa = PBXFileReference; explicitFileType = "compiled.mach-o.executable"; includeInIndex = 0; path = rt; sourceTree = BUILT_PRODUCTS_DIR; };
		66FCE7C42E5217EE005F07E6 /* test_includes */ = {isa = PBXFileReference; explicitFileType = "compiled.mach-o.executable"; includeInIndex = 0; path = test_includes; sourceTree = BUILT_PRODUCTS_DIR; };
/* End PBXFileReference section */

/* Begin PBXFileSystemSynchronizedBuildFileExceptionSet section */
		6611F7672E5C827A00B3EEC1 /* Exceptions for "unit_tests" folder in "test" target */ = {
			isa = PBXFileSystemSynchronizedBuildFileExceptionSet;
			additionalCompilerFlagsByRelativePath = {
				_test_includes.cpp = "-std=c++2a -Wall -Wextra -Werror";
			};
			membershipExceptions = (
				_test_includes.cpp,
			);
			target = 664CCE3D2DF0A86200B12741 /* test */;
		};
		6611F7782E72F12200B3EEC1 /* Exceptions for "srcs" folder in "test" target */ = {
			isa = PBXFileSystemSynchronizedBuildFileExceptionSet;
			additionalCompilerFlagsByRelativePath = {
				globals.cpp = "-std=c++2a -Wall -Wextra -Werror";
			};
			membershipExceptions = (
				globals.cpp,
			);
			target = 664CCE3D2DF0A86200B12741 /* test */;
		};
		668AAAAA2DB105A5006D2BDA /* Exceptions for "srcs" folder in "rt" target */ = {
			isa = PBXFileSystemSynchronizedBuildFileExceptionSet;
			additionalCompilerFlagsByRelativePath = {
				main.cpp = "-std=c++2a -Wall -Wextra -Werror -O2";
			};
			membershipExceptions = (
				Scene.cpp,
			);
			target = 668AAA982DB1034A006D2BDA /* rt */;
		};
		668C5A6A2DEF4D4F00D36459 /* Exceptions for "unit_tests" folder in "test_includes" target */ = {
			isa = PBXFileSystemSynchronizedBuildFileExceptionSet;
			additionalCompilerFlagsByRelativePath = {
				_test_includes.cpp = "-std=c++2a -Wall -Wextra -Werror";
			};
			membershipExceptions = (
				_test_includes.cpp,
			);
			target = 668C5A612DEF4CF000D36459 /* test_includes */;
		};
		6697AE302DC8D09D00F8969E /* Exceptions for "unit_tests" folder in "rt" target */ = {
			isa = PBXFileSystemSynchronizedBuildFileExceptionSet;
			membershipExceptions = (
				angle_test.cpp,
				logging_tests/test_display_unit.cpp,
				logging_tests/test_formats.cpp,
				logging_tests/test_logger_sink.cpp,
				logging_tests/test_logger.cpp,
				logging_tests/test_progress_bar.cpp,
				math_utils_test.cpp,
				onb_test.cpp,
				vec_test.cpp,
				vec_utils_test.cpp,
			);
			target = 668AAA982DB1034A006D2BDA /* rt */;
		};
/* End PBXFileSystemSynchronizedBuildFileExceptionSet section */

/* Begin PBXFileSystemSynchronizedRootGroup section */
		668AAAA32DB10379006D2BDA /* srcs */ = {
			isa = PBXFileSystemSynchronizedRootGroup;
			exceptions = (
				668AAAAA2DB105A5006D2BDA /* Exceptions for "srcs" folder in "rt" target */,
				6611F7782E72F12200B3EEC1 /* Exceptions for "srcs" folder in "test" target */,
			);
			path = srcs;
			sourceTree = "<group>";
		};
		6697AE2E2DC8D09D00F8969E /* unit_tests */ = {
			isa = PBXFileSystemSynchronizedRootGroup;
			exceptions = (
				6697AE302DC8D09D00F8969E /* Exceptions for "unit_tests" folder in "rt" target */,
				668C5A6A2DEF4D4F00D36459 /* Exceptions for "unit_tests" folder in "test_includes" target */,
				6611F7672E5C827A00B3EEC1 /* Exceptions for "unit_tests" folder in "test" target */,
			);
			path = unit_tests;
			sourceTree = "<group>";
		};
/* End PBXFileSystemSynchronizedRootGroup section */

/* Begin PBXFrameworksBuildPhase section */
		664CCE3B2DF0A86200B12741 /* Frameworks */ = {
			isa = PBXFrameworksBuildPhase;
			buildActionMask = 2147483647;
			files = (
			);
			runOnlyForDeploymentPostprocessing = 0;
		};
		668AAA962DB1034A006D2BDA /* Frameworks */ = {
			isa = PBXFrameworksBuildPhase;
			buildActionMask = 2147483647;
			files = (
			);
			runOnlyForDeploymentPostprocessing = 0;
		};
		668C5A5F2DEF4CF000D36459 /* Frameworks */ = {
			isa = PBXFrameworksBuildPhase;
			buildActionMask = 2147483647;
			files = (
			);
			runOnlyForDeploymentPostprocessing = 0;
		};
/* End PBXFrameworksBuildPhase section */

/* Begin PBXGroup section */
		668AAA902DB1034A006D2BDA = {
			isa = PBXGroup;
			children = (
				669C94A02E48D92E007E397E /* logs */,
				66A1FBC42E3E70DB00C1B398 /* config.ini */,
				669C940D2E439533007E397E /* config1.ini */,
				668AAA9A2DB1034A006D2BDA /* Products */,
				668AAAA32DB10379006D2BDA /* srcs */,
				6697AE2E2DC8D09D00F8969E /* unit_tests */,
			);
			sourceTree = "<group>";
		};
		668AAA9A2DB1034A006D2BDA /* Products */ = {
			isa = PBXGroup;
			children = (
				669C94A42E4A4DF2007E397E /* test */,
				66FCE7C32E5217EE005F07E6 /* rt */,
				66FCE7C42E5217EE005F07E6 /* test_includes */,
			);
			name = Products;
			sourceTree = "<group>";
		};
		669C94A02E48D92E007E397E /* logs */ = {
			isa = PBXGroup;
			children = (
			);
			path = logs;
			sourceTree = "<group>";
		};
/* End PBXGroup section */

/* Begin PBXNativeTarget section */
		664CCE3D2DF0A86200B12741 /* test */ = {
			isa = PBXNativeTarget;
			buildConfigurationList = 664CCE422DF0A86200B12741 /* Build configuration list for PBXNativeTarget "test" */;
			buildPhases = (
				664CCE3A2DF0A86200B12741 /* Sources */,
				664CCE3B2DF0A86200B12741 /* Frameworks */,
			);
			buildRules = (
			);
			dependencies = (
			);
			name = test;
			packageProductDependencies = (
			);
			productName = test;
			productReference = 669C94A42E4A4DF2007E397E /* test */;
			productType = "com.apple.product-type.tool";
		};
		668AAA982DB1034A006D2BDA /* rt */ = {
			isa = PBXNativeTarget;
			buildConfigurationList = 668AAAA02DB1034A006D2BDA /* Build configuration list for PBXNativeTarget "rt" */;
			buildPhases = (
				668AAA952DB1034A006D2BDA /* Sources */,
				668AAA962DB1034A006D2BDA /* Frameworks */,
				668AAA972DB1034A006D2BDA /* CopyFiles */,
			);
			buildRules = (
			);
			dependencies = (
			);
			fileSystemSynchronizedGroups = (
				668AAAA32DB10379006D2BDA /* srcs */,
				6697AE2E2DC8D09D00F8969E /* unit_tests */,
			);
			name = rt;
			packageProductDependencies = (
			);
			productName = rt;
			productReference = 66FCE7C32E5217EE005F07E6 /* rt */;
			productType = "com.apple.product-type.tool";
		};
		668C5A612DEF4CF000D36459 /* test_includes */ = {
			isa = PBXNativeTarget;
			buildConfigurationList = 668C5A662DEF4CF000D36459 /* Build configuration list for PBXNativeTarget "test_includes" */;
			buildPhases = (
				668C5A5E2DEF4CF000D36459 /* Sources */,
				668C5A5F2DEF4CF000D36459 /* Frameworks */,
				668C5A602DEF4CF000D36459 /* CopyFiles */,
			);
			buildRules = (
			);
			dependencies = (
			);
			name = test_includes;
			packageProductDependencies = (
			);
			productName = test_includes;
			productReference = 66FCE7C42E5217EE005F07E6 /* test_includes */;
			productType = "com.apple.product-type.tool";
		};
/* End PBXNativeTarget section */

/* Begin PBXProject section */
		668AAA912DB1034A006D2BDA /* Project object */ = {
			isa = PBXProject;
			attributes = {
				BuildIndependentTargetsInParallel = 1;
				LastUpgradeCheck = 1630;
				TargetAttributes = {
					664CCE3D2DF0A86200B12741 = {
						CreatedOnToolsVersion = 16.3;
					};
					668AAA982DB1034A006D2BDA = {
						CreatedOnToolsVersion = 16.2;
						LastSwiftMigration = 1640;
					};
					668C5A612DEF4CF000D36459 = {
						CreatedOnToolsVersion = 16.3;
					};
				};
			};
			buildConfigurationList = 668AAA942DB1034A006D2BDA /* Build configuration list for PBXProject "rt" */;
			developmentRegion = en;
			hasScannedForEncodings = 0;
			knownRegions = (
				en,
				Base,
			);
			mainGroup = 668AAA902DB1034A006D2BDA;
			minimizedProjectReferenceProxies = 1;
			preferredProjectObjectVersion = 77;
			productRefGroup = 668AAA9A2DB1034A006D2BDA /* Products */;
			projectDirPath = "";
			projectRoot = "";
			targets = (
				668AAA982DB1034A006D2BDA /* rt */,
				668C5A612DEF4CF000D36459 /* test_includes */,
				664CCE3D2DF0A86200B12741 /* test */,
			);
		};
/* End PBXProject section */

/* Begin PBXSourcesBuildPhase section */
		664CCE3A2DF0A86200B12741 /* Sources */ = {
			isa = PBXSourcesBuildPhase;
			buildActionMask = 2147483647;
			files = (
			);
			runOnlyForDeploymentPostprocessing = 0;
		};
		668AAA952DB1034A006D2BDA /* Sources */ = {
			isa = PBXSourcesBuildPhase;
			buildActionMask = 2147483647;
			files = (
			);
			runOnlyForDeploymentPostprocessing = 0;
		};
		668C5A5E2DEF4CF000D36459 /* Sources */ = {
			isa = PBXSourcesBuildPhase;
			buildActionMask = 2147483647;
			files = (
			);
			runOnlyForDeploymentPostprocessing = 0;
		};
/* End PBXSourcesBuildPhase section */

/* Begin XCBuildConfiguration section */
		664CCE432DF0A86200B12741 /* Debug */ = {
			isa = XCBuildConfiguration;
			buildSettings = {
				CODE_SIGN_STYLE = Automatic;
				DEVELOPMENT_TEAM = 92PJT7J9M9;
				ENABLE_HARDENED_RUNTIME = YES;
				GCC_PREPROCESSOR_DEFINITIONS = (
					"DEBUG=1",
					"$(inherited)",
				);
				MACOSX_DEPLOYMENT_TARGET = 15.4;
				PRODUCT_NAME = "$(TARGET_NAME)";
			};
			name = Debug;
		};
		664CCE442DF0A86200B12741 /* Release */ = {
			isa = XCBuildConfiguration;
			buildSettings = {
				CODE_SIGN_STYLE = Automatic;
				DEVELOPMENT_TEAM = 92PJT7J9M9;
				ENABLE_HARDENED_RUNTIME = YES;
				GCC_PREPROCESSOR_DEFINITIONS = "";
				MACOSX_DEPLOYMENT_TARGET = 15.4;
				PRODUCT_NAME = "$(TARGET_NAME)";
			};
			name = Release;
		};
		668AAA9E2DB1034A006D2BDA /* Debug */ = {
			isa = XCBuildConfiguration;
			buildSettings = {
				ALWAYS_SEARCH_USER_PATHS = NO;
				ASSETCATALOG_COMPILER_GENERATE_SWIFT_ASSET_SYMBOL_EXTENSIONS = YES;
				CLANG_ANALYZER_NONNULL = YES;
				CLANG_ANALYZER_NUMBER_OBJECT_CONVERSION = YES_AGGRESSIVE;
				CLANG_CXX_LANGUAGE_STANDARD = "gnu++20";
				CLANG_ENABLE_MODULES = YES;
				CLANG_ENABLE_OBJC_ARC = YES;
				CLANG_ENABLE_OBJC_WEAK = YES;
				CLANG_WARN_BLOCK_CAPTURE_AUTORELEASING = YES;
				CLANG_WARN_BOOL_CONVERSION = YES;
				CLANG_WARN_COMMA = YES;
				CLANG_WARN_CONSTANT_CONVERSION = YES;
				CLANG_WARN_DEPRECATED_OBJC_IMPLEMENTATIONS = YES;
				CLANG_WARN_DIRECT_OBJC_ISA_USAGE = YES_ERROR;
				CLANG_WARN_DOCUMENTATION_COMMENTS = YES;
				CLANG_WARN_EMPTY_BODY = YES;
				CLANG_WARN_ENUM_CONVERSION = YES;
				CLANG_WARN_INFINITE_RECURSION = YES;
				CLANG_WARN_INT_CONVERSION = YES;
				CLANG_WARN_NON_LITERAL_NULL_CONVERSION = YES;
				CLANG_WARN_OBJC_IMPLICIT_RETAIN_SELF = YES;
				CLANG_WARN_OBJC_LITERAL_CONVERSION = YES;
				CLANG_WARN_OBJC_ROOT_CLASS = YES_ERROR;
				CLANG_WARN_QUOTED_INCLUDE_IN_FRAMEWORK_HEADER = YES;
				CLANG_WARN_RANGE_LOOP_ANALYSIS = YES;
				CLANG_WARN_STRICT_PROTOTYPES = YES;
				CLANG_WARN_SUSPICIOUS_MOVE = YES;
				CLANG_WARN_UNGUARDED_AVAILABILITY = YES_AGGRESSIVE;
				CLANG_WARN_UNREACHABLE_CODE = YES;
				CLANG_WARN__DUPLICATE_METHOD_MATCH = YES;
				COPY_PHASE_STRIP = NO;
				DEAD_CODE_STRIPPING = YES;
				DEBUG_INFORMATION_FORMAT = dwarf;
				DEVELOPMENT_TEAM = 92PJT7J9M9;
				ENABLE_STRICT_OBJC_MSGSEND = YES;
				ENABLE_TESTABILITY = YES;
				ENABLE_USER_SCRIPT_SANDBOXING = YES;
				GCC_C_LANGUAGE_STANDARD = gnu17;
				GCC_DYNAMIC_NO_PIC = NO;
				GCC_NO_COMMON_BLOCKS = YES;
				GCC_OPTIMIZATION_LEVEL = 0;
				GCC_PREPROCESSOR_DEFINITIONS = (
					"DEBUG=1",
					"$(inherited)",
				);
				GCC_WARN_64_TO_32_BIT_CONVERSION = YES;
				GCC_WARN_ABOUT_RETURN_TYPE = YES_ERROR;
				GCC_WARN_UNDECLARED_SELECTOR = YES;
				GCC_WARN_UNINITIALIZED_AUTOS = YES_AGGRESSIVE;
				GCC_WARN_UNUSED_FUNCTION = YES;
				GCC_WARN_UNUSED_VARIABLE = YES;
				LOCALIZATION_PREFERS_STRING_CATALOGS = YES;
				MACOSX_DEPLOYMENT_TARGET = 15.2;
				MTL_ENABLE_DEBUG_INFO = INCLUDE_SOURCE;
				MTL_FAST_MATH = YES;
				ONLY_ACTIVE_ARCH = YES;
				SDKROOT = macosx;
			};
			name = Debug;
		};
		668AAA9F2DB1034A006D2BDA /* Release */ = {
			isa = XCBuildConfiguration;
			buildSettings = {
				ALWAYS_SEARCH_USER_PATHS = NO;
				ASSETCATALOG_COMPILER_GENERATE_SWIFT_ASSET_SYMBOL_EXTENSIONS = YES;
				CLANG_ANALYZER_NONNULL = YES;
				CLANG_ANALYZER_NUMBER_OBJECT_CONVERSION = YES_AGGRESSIVE;
				CLANG_CXX_LANGUAGE_STANDARD = "gnu++20";
				CLANG_ENABLE_MODULES = YES;
				CLANG_ENABLE_OBJC_ARC = YES;
				CLANG_ENABLE_OBJC_WEAK = YES;
				CLANG_WARN_BLOCK_CAPTURE_AUTORELEASING = YES;
				CLANG_WARN_BOOL_CONVERSION = YES;
				CLANG_WARN_COMMA = YES;
				CLANG_WARN_CONSTANT_CONVERSION = YES;
				CLANG_WARN_DEPRECATED_OBJC_IMPLEMENTATIONS = YES;
				CLANG_WARN_DIRECT_OBJC_ISA_USAGE = YES_ERROR;
				CLANG_WARN_DOCUMENTATION_COMMENTS = YES;
				CLANG_WARN_EMPTY_BODY = YES;
				CLANG_WARN_ENUM_CONVERSION = YES;
				CLANG_WARN_INFINITE_RECURSION = YES;
				CLANG_WARN_INT_CONVERSION = YES;
				CLANG_WARN_NON_LITERAL_NULL_CONVERSION = YES;
				CLANG_WARN_OBJC_IMPLICIT_RETAIN_SELF = YES;
				CLANG_WARN_OBJC_LITERAL_CONVERSION = YES;
				CLANG_WARN_OBJC_ROOT_CLASS = YES_ERROR;
				CLANG_WARN_QUOTED_INCLUDE_IN_FRAMEWORK_HEADER = YES;
				CLANG_WARN_RANGE_LOOP_ANALYSIS = YES;
				CLANG_WARN_STRICT_PROTOTYPES = YES;
				CLANG_WARN_SUSPICIOUS_MOVE = YES;
				CLANG_WARN_UNGUARDED_AVAILABILITY = YES_AGGRESSIVE;
				CLANG_WARN_UNREACHABLE_CODE = YES;
				CLANG_WARN__DUPLICATE_METHOD_MATCH = YES;
				COPY_PHASE_STRIP = NO;
				DEAD_CODE_STRIPPING = YES;
				DEBUG_INFORMATION_FORMAT = "dwarf-with-dsym";
				DEVELOPMENT_TEAM = 92PJT7J9M9;
				ENABLE_NS_ASSERTIONS = NO;
				ENABLE_STRICT_OBJC_MSGSEND = YES;
				ENABLE_USER_SCRIPT_SANDBOXING = YES;
				GCC_C_LANGUAGE_STANDARD = gnu17;
				GCC_NO_COMMON_BLOCKS = YES;
				GCC_WARN_64_TO_32_BIT_CONVERSION = YES;
				GCC_WARN_ABOUT_RETURN_TYPE = YES_ERROR;
				GCC_WARN_UNDECLARED_SELECTOR = YES;
				GCC_WARN_UNINITIALIZED_AUTOS = YES_AGGRESSIVE;
				GCC_WARN_UNUSED_FUNCTION = YES;
				GCC_WARN_UNUSED_VARIABLE = YES;
				LOCALIZATION_PREFERS_STRING_CATALOGS = YES;
				MACOSX_DEPLOYMENT_TARGET = 15.2;
				MTL_ENABLE_DEBUG_INFO = NO;
				MTL_FAST_MATH = YES;
				SDKROOT = macosx;
			};
			name = Release;
		};
		668AAAA12DB1034A006D2BDA /* Debug */ = {
			isa = XCBuildConfiguration;
			buildSettings = {
				CLANG_ENABLE_MODULES = YES;
				"CODE_SIGN_IDENTITY[sdk=macosx*]" = "Apple Development";
				CODE_SIGN_STYLE = Automatic;
				DEAD_CODE_STRIPPING = YES;
				ENABLE_HARDENED_RUNTIME = YES;
				PRODUCT_NAME = "$(TARGET_NAME)";
				SWIFT_OPTIMIZATION_LEVEL = "-Onone";
				SWIFT_VERSION = 6.0;
			};
			name = Debug;
		};
		668AAAA22DB1034A006D2BDA /* Release */ = {
			isa = XCBuildConfiguration;
			buildSettings = {
				CLANG_ENABLE_MODULES = YES;
				"CODE_SIGN_IDENTITY[sdk=macosx*]" = "Apple Development";
				CODE_SIGN_STYLE = Automatic;
				DEAD_CODE_STRIPPING = YES;
				ENABLE_HARDENED_RUNTIME = YES;
				PRODUCT_NAME = "$(TARGET_NAME)";
				SWIFT_VERSION = 6.0;
			};
			name = Release;
		};
		668C5A672DEF4CF000D36459 /* Debug */ = {
			isa = XCBuildConfiguration;
			buildSettings = {
				CODE_SIGN_STYLE = Automatic;
				DEVELOPMENT_TEAM = 92PJT7J9M9;
				ENABLE_HARDENED_RUNTIME = YES;
				MACOSX_DEPLOYMENT_TARGET = 15.4;
				PRODUCT_NAME = "$(TARGET_NAME)";
			};
			name = Debug;
		};
		668C5A682DEF4CF000D36459 /* Release */ = {
			isa = XCBuildConfiguration;
			buildSettings = {
				CODE_SIGN_STYLE = Automatic;
				DEVELOPMENT_TEAM = 92PJT7J9M9;
				ENABLE_HARDENED_RUNTIME = YES;
				MACOSX_DEPLOYMENT_TARGET = 15.4;
				PRODUCT_NAME = "$(TARGET_NAME)";
			};
			name = Release;
		};
/* End XCBuildConfiguration section */

/* Begin XCConfigurationList section */
		664CCE422DF0A86200B12741 /* Build configuration list for PBXNativeTarget "test" */ = {
			isa = XCConfigurationList;
			buildConfigurations = (
				664CCE432DF0A86200B12741 /* Debug */,
				664CCE442DF0A86200B12741 /* Release */,
			);
			defaultConfigurationIsVisible = 0;
			defaultConfigurationName = Release;
		};
		668AAA942DB1034A006D2BDA /* Build configuration list for PBXProject "rt" */ = {
			isa = XCConfigurationList;
			buildConfigurations = (
				668AAA9E2DB1034A006D2BDA /* Debug */,
				668AAA9F2DB1034A006D2BDA /* Release */,
			);
			defaultConfigurationIsVisible = 0;
			defaultConfigurationName = Release;
		};
		668AAAA02DB1034A006D2BDA /* Build configuration list for PBXNativeTarget "rt" */ = {
			isa = XCConfigurationList;
			buildConfigurations = (
				668AAAA12DB1034A006D2BDA /* Debug */,
				668AAAA22DB1034A006D2BDA /* Release */,
			);
			defaultConfigurationIsVisible = 0;
			defaultConfigurationName = Release;
		};
		668C5A662DEF4CF000D36459 /* Build configuration list for PBXNativeTarget "test_includes" */ = {
			isa = XCConfigurationList;
			buildConfigurations = (
				668C5A672DEF4CF000D36459 /* Debug */,
				668C5A682DEF4CF000D36459 /* Release */,
			);
			defaultConfigurationIsVisible = 0;
			defaultConfigurationName = Release;
		};
/* End XCConfigurationList section */
	};
	rootObject = 668AAA912DB1034A006D2BDA /* Project object */;
}
