// !$*UTF8*$!
{
	archiveVersion = 1;
	classes = {
	};
	objectVersion = 77;
	objects = {

/* Begin PBXCopyFilesBuildPhase section */
		6623562A2DE1ED9D00CAAC4A /* CopyFiles */ = {
			isa = PBXCopyFilesBuildPhase;
			buildActionMask = 2147483647;
			dstPath = /usr/share/man/man1/;
			dstSubfolderSpec = 0;
			files = (
			);
			runOnlyForDeploymentPostprocessing = 1;
		};
		668AAA972DB1034A006D2BDA /* CopyFiles */ = {
			isa = PBXCopyFilesBuildPhase;
			buildActionMask = 2147483647;
			dstPath = /usr/share/man/man1/;
			dstSubfolderSpec = 0;
			files = (
			);
			runOnlyForDeploymentPostprocessing = 1;
		};
/* End PBXCopyFilesBuildPhase section */

/* Begin PBXFileReference section */
		660DAB822DCA1155001CE9C0 /* rt */ = {isa = PBXFileReference; explicitFileType = "compiled.mach-o.executable"; includeInIndex = 0; path = rt; sourceTree = BUILT_PRODUCTS_DIR; };
		6623562C2DE1ED9D00CAAC4A /* testing */ = {isa = PBXFileReference; explicitFileType = "compiled.mach-o.executable"; includeInIndex = 0; path = testing; sourceTree = BUILT_PRODUCTS_DIR; };
/* End PBXFileReference section */

/* Begin PBXFileSystemSynchronizedBuildFileExceptionSet section */
		668AAAAA2DB105A5006D2BDA /* Exceptions for "srcs" folder in "rt" target */ = {
			isa = PBXFileSystemSynchronizedBuildFileExceptionSet;
			additionalCompilerFlagsByRelativePath = {
				main.cpp = "-std=c++2a -Wall -Wextra -Werror -O2";
			};
			membershipExceptions = (
				Scene.cpp,
			);
			target = 668AAA982DB1034A006D2BDA /* rt */;
		};
		668C5A572DEF04A100D36459 /* Exceptions for "unit_tests" folder in "testing" target */ = {
			isa = PBXFileSystemSynchronizedBuildFileExceptionSet;
			additionalCompilerFlagsByRelativePath = {
				test_ansi_escape_codes.cpp = "-std=c++2a -Wall -Wextra -Werror -O2";
			};
			membershipExceptions = (
				test_ansi_escape_codes.cpp,
			);
			target = 6623562B2DE1ED9D00CAAC4A /* testing */;
		};
		6697AE302DC8D09D00F8969E /* Exceptions for "unit_tests" folder in "rt" target */ = {
			isa = PBXFileSystemSynchronizedBuildFileExceptionSet;
			membershipExceptions = (
				angle_test.cpp,
				math_utils_test.cpp,
				onb_test.cpp,
				sampling_reserch/sampling_test.cpp,
				test_ansi_escape_codes.cpp,
				test_logger.cpp,
				test_logging_Random_Emoji.cpp,
				test_timing.cpp,
				vec_test.cpp,
				vec_utils_test.cpp,
			);
			target = 668AAA982DB1034A006D2BDA /* rt */;
		};
/* End PBXFileSystemSynchronizedBuildFileExceptionSet section */

/* Begin PBXFileSystemSynchronizedRootGroup section */
		668AAAA32DB10379006D2BDA /* srcs */ = {
			isa = PBXFileSystemSynchronizedRootGroup;
			exceptions = (
				668AAAAA2DB105A5006D2BDA /* Exceptions for "srcs" folder in "rt" target */,
			);
			path = srcs;
			sourceTree = "<group>";
		};
		6697AE2E2DC8D09D00F8969E /* unit_tests */ = {
			isa = PBXFileSystemSynchronizedRootGroup;
			exceptions = (
				6697AE302DC8D09D00F8969E /* Exceptions for "unit_tests" folder in "rt" target */,
				668C5A572DEF04A100D36459 /* Exceptions for "unit_tests" folder in "testing" target */,
			);
			path = unit_tests;
			sourceTree = "<group>";
		};
/* End PBXFileSystemSynchronizedRootGroup section */

/* Begin PBXFrameworksBuildPhase section */
		662356292DE1ED9D00CAAC4A /* Frameworks */ = {
			isa = PBXFrameworksBuildPhase;
			buildActionMask = 2147483647;
			files = (
			);
			runOnlyForDeploymentPostprocessing = 0;
		};
		668AAA962DB1034A006D2BDA /* Frameworks */ = {
			isa = PBXFrameworksBuildPhase;
			buildActionMask = 2147483647;
			files = (
			);
			runOnlyForDeploymentPostprocessing = 0;
		};
/* End PBXFrameworksBuildPhase section */

/* Begin PBXGroup section */
		668AAA902DB1034A006D2BDA = {
			isa = PBXGroup;
			children = (
				668AAA9A2DB1034A006D2BDA /* Products */,
				668AAAA32DB10379006D2BDA /* srcs */,
				6697AE2E2DC8D09D00F8969E /* unit_tests */,
			);
			sourceTree = "<group>";
		};
		668AAA9A2DB1034A006D2BDA /* Products */ = {
			isa = PBXGroup;
			children = (
				660DAB822DCA1155001CE9C0 /* rt */,
				6623562C2DE1ED9D00CAAC4A /* testing */,
			);
			name = Products;
			sourceTree = "<group>";
		};
/* End PBXGroup section */

/* Begin PBXNativeTarget section */
		6623562B2DE1ED9D00CAAC4A /* testing */ = {
			isa = PBXNativeTarget;
			buildConfigurationList = 662356302DE1ED9D00CAAC4A /* Build configuration list for PBXNativeTarget "testing" */;
			buildPhases = (
				662356282DE1ED9D00CAAC4A /* Sources */,
				662356292DE1ED9D00CAAC4A /* Frameworks */,
				6623562A2DE1ED9D00CAAC4A /* CopyFiles */,
			);
			buildRules = (
			);
			dependencies = (
			);
			name = testing;
			packageProductDependencies = (
			);
			productName = test_timing;
			productReference = 6623562C2DE1ED9D00CAAC4A /* testing */;
			productType = "com.apple.product-type.tool";
		};
		668AAA982DB1034A006D2BDA /* rt */ = {
			isa = PBXNativeTarget;
			buildConfigurationList = 668AAAA02DB1034A006D2BDA /* Build configuration list for PBXNativeTarget "rt" */;
			buildPhases = (
				668AAA952DB1034A006D2BDA /* Sources */,
				668AAA962DB1034A006D2BDA /* Frameworks */,
				668AAA972DB1034A006D2BDA /* CopyFiles */,
			);
			buildRules = (
			);
			dependencies = (
			);
			fileSystemSynchronizedGroups = (
				668AAAA32DB10379006D2BDA /* srcs */,
				6697AE2E2DC8D09D00F8969E /* unit_tests */,
			);
			name = rt;
			packageProductDependencies = (
			);
			productName = rt;
			productReference = 660DAB822DCA1155001CE9C0 /* rt */;
			productType = "com.apple.product-type.tool";
		};
/* End PBXNativeTarget section */

/* Begin PBXProject section */
		668AAA912DB1034A006D2BDA /* Project object */ = {
			isa = PBXProject;
			attributes = {
				BuildIndependentTargetsInParallel = 1;
				LastUpgradeCheck = 1630;
				TargetAttributes = {
					6623562B2DE1ED9D00CAAC4A = {
						CreatedOnToolsVersion = 16.3;
					};
					668AAA982DB1034A006D2BDA = {
						CreatedOnToolsVersion = 16.2;
					};
				};
			};
			buildConfigurationList = 668AAA942DB1034A006D2BDA /* Build configuration list for PBXProject "rt" */;
			developmentRegion = en;
			hasScannedForEncodings = 0;
			knownRegions = (
				en,
				Base,
			);
			mainGroup = 668AAA902DB1034A006D2BDA;
			minimizedProjectReferenceProxies = 1;
			preferredProjectObjectVersion = 77;
			productRefGroup = 668AAA9A2DB1034A006D2BDA /* Products */;
			projectDirPath = "";
			projectRoot = "";
			targets = (
				668AAA982DB1034A006D2BDA /* rt */,
				6623562B2DE1ED9D00CAAC4A /* testing */,
			);
		};
/* End PBXProject section */

/* Begin PBXSourcesBuildPhase section */
		662356282DE1ED9D00CAAC4A /* Sources */ = {
			isa = PBXSourcesBuildPhase;
			buildActionMask = 2147483647;
			files = (
			);
			runOnlyForDeploymentPostprocessing = 0;
		};
		668AAA952DB1034A006D2BDA /* Sources */ = {
			isa = PBXSourcesBuildPhase;
			buildActionMask = 2147483647;
			files = (
			);
			runOnlyForDeploymentPostprocessing = 0;
		};
/* End PBXSourcesBuildPhase section */

/* Begin XCBuildConfiguration section */
		662356312DE1ED9D00CAAC4A /* Debug */ = {
			isa = XCBuildConfiguration;
			buildSettings = {
				CODE_SIGN_STYLE = Automatic;
				DEVELOPMENT_TEAM = 92PJT7J9M9;
				ENABLE_HARDENED_RUNTIME = YES;
				MACOSX_DEPLOYMENT_TARGET = 15.4;
				PRODUCT_NAME = "$(TARGET_NAME)";
			};
			name = Debug;
		};
		662356322DE1ED9D00CAAC4A /* Release */ = {
			isa = XCBuildConfiguration;
			buildSettings = {
				CODE_SIGN_STYLE = Automatic;
				DEVELOPMENT_TEAM = 92PJT7J9M9;
				ENABLE_HARDENED_RUNTIME = YES;
				MACOSX_DEPLOYMENT_TARGET = 15.4;
				PRODUCT_NAME = "$(TARGET_NAME)";
			};
			name = Release;
		};
		668AAA9E2DB1034A006D2BDA /* Debug */ = {
			isa = XCBuildConfiguration;
			buildSettings = {
				ALWAYS_SEARCH_USER_PATHS = NO;
				ASSETCATALOG_COMPILER_GENERATE_SWIFT_ASSET_SYMBOL_EXTENSIONS = YES;
				CLANG_ANALYZER_NONNULL = YES;
				CLANG_ANALYZER_NUMBER_OBJECT_CONVERSION = YES_AGGRESSIVE;
				CLANG_CXX_LANGUAGE_STANDARD = "gnu++20";
				CLANG_ENABLE_MODULES = YES;
				CLANG_ENABLE_OBJC_ARC = YES;
				CLANG_ENABLE_OBJC_WEAK = YES;
				CLANG_WARN_BLOCK_CAPTURE_AUTORELEASING = YES;
				CLANG_WARN_BOOL_CONVERSION = YES;
				CLANG_WARN_COMMA = YES;
				CLANG_WARN_CONSTANT_CONVERSION = YES;
				CLANG_WARN_DEPRECATED_OBJC_IMPLEMENTATIONS = YES;
				CLANG_WARN_DIRECT_OBJC_ISA_USAGE = YES_ERROR;
				CLANG_WARN_DOCUMENTATION_COMMENTS = YES;
				CLANG_WARN_EMPTY_BODY = YES;
				CLANG_WARN_ENUM_CONVERSION = YES;
				CLANG_WARN_INFINITE_RECURSION = YES;
				CLANG_WARN_INT_CONVERSION = YES;
				CLANG_WARN_NON_LITERAL_NULL_CONVERSION = YES;
				CLANG_WARN_OBJC_IMPLICIT_RETAIN_SELF = YES;
				CLANG_WARN_OBJC_LITERAL_CONVERSION = YES;
				CLANG_WARN_OBJC_ROOT_CLASS = YES_ERROR;
				CLANG_WARN_QUOTED_INCLUDE_IN_FRAMEWORK_HEADER = YES;
				CLANG_WARN_RANGE_LOOP_ANALYSIS = YES;
				CLANG_WARN_STRICT_PROTOTYPES = YES;
				CLANG_WARN_SUSPICIOUS_MOVE = YES;
				CLANG_WARN_UNGUARDED_AVAILABILITY = YES_AGGRESSIVE;
				CLANG_WARN_UNREACHABLE_CODE = YES;
				CLANG_WARN__DUPLICATE_METHOD_MATCH = YES;
				COPY_PHASE_STRIP = NO;
				DEAD_CODE_STRIPPING = YES;
				DEBUG_INFORMATION_FORMAT = dwarf;
				DEVELOPMENT_TEAM = 92PJT7J9M9;
				ENABLE_STRICT_OBJC_MSGSEND = YES;
				ENABLE_TESTABILITY = YES;
				ENABLE_USER_SCRIPT_SANDBOXING = YES;
				GCC_C_LANGUAGE_STANDARD = gnu17;
				GCC_DYNAMIC_NO_PIC = NO;
				GCC_NO_COMMON_BLOCKS = YES;
				GCC_OPTIMIZATION_LEVEL = 0;
				GCC_PREPROCESSOR_DEFINITIONS = (
					"DEBUG=1",
					"$(inherited)",
				);
				GCC_WARN_64_TO_32_BIT_CONVERSION = YES;
				GCC_WARN_ABOUT_RETURN_TYPE = YES_ERROR;
				GCC_WARN_UNDECLARED_SELECTOR = YES;
				GCC_WARN_UNINITIALIZED_AUTOS = YES_AGGRESSIVE;
				GCC_WARN_UNUSED_FUNCTION = YES;
				GCC_WARN_UNUSED_VARIABLE = YES;
				LOCALIZATION_PREFERS_STRING_CATALOGS = YES;
				MACOSX_DEPLOYMENT_TARGET = 15.2;
				MTL_ENABLE_DEBUG_INFO = INCLUDE_SOURCE;
				MTL_FAST_MATH = YES;
				ONLY_ACTIVE_ARCH = YES;
				SDKROOT = macosx;
			};
			name = Debug;
		};
		668AAA9F2DB1034A006D2BDA /* Release */ = {
			isa = XCBuildConfiguration;
			buildSettings = {
				ALWAYS_SEARCH_USER_PATHS = NO;
				ASSETCATALOG_COMPILER_GENERATE_SWIFT_ASSET_SYMBOL_EXTENSIONS = YES;
				CLANG_ANALYZER_NONNULL = YES;
				CLANG_ANALYZER_NUMBER_OBJECT_CONVERSION = YES_AGGRESSIVE;
				CLANG_CXX_LANGUAGE_STANDARD = "gnu++20";
				CLANG_ENABLE_MODULES = YES;
				CLANG_ENABLE_OBJC_ARC = YES;
				CLANG_ENABLE_OBJC_WEAK = YES;
				CLANG_WARN_BLOCK_CAPTURE_AUTORELEASING = YES;
				CLANG_WARN_BOOL_CONVERSION = YES;
				CLANG_WARN_COMMA = YES;
				CLANG_WARN_CONSTANT_CONVERSION = YES;
				CLANG_WARN_DEPRECATED_OBJC_IMPLEMENTATIONS = YES;
				CLANG_WARN_DIRECT_OBJC_ISA_USAGE = YES_ERROR;
				CLANG_WARN_DOCUMENTATION_COMMENTS = YES;
				CLANG_WARN_EMPTY_BODY = YES;
				CLANG_WARN_ENUM_CONVERSION = YES;
				CLANG_WARN_INFINITE_RECURSION = YES;
				CLANG_WARN_INT_CONVERSION = YES;
				CLANG_WARN_NON_LITERAL_NULL_CONVERSION = YES;
				CLANG_WARN_OBJC_IMPLICIT_RETAIN_SELF = YES;
				CLANG_WARN_OBJC_LITERAL_CONVERSION = YES;
				CLANG_WARN_OBJC_ROOT_CLASS = YES_ERROR;
				CLANG_WARN_QUOTED_INCLUDE_IN_FRAMEWORK_HEADER = YES;
				CLANG_WARN_RANGE_LOOP_ANALYSIS = YES;
				CLANG_WARN_STRICT_PROTOTYPES = YES;
				CLANG_WARN_SUSPICIOUS_MOVE = YES;
				CLANG_WARN_UNGUARDED_AVAILABILITY = YES_AGGRESSIVE;
				CLANG_WARN_UNREACHABLE_CODE = YES;
				CLANG_WARN__DUPLICATE_METHOD_MATCH = YES;
				COPY_PHASE_STRIP = NO;
				DEAD_CODE_STRIPPING = YES;
				DEBUG_INFORMATION_FORMAT = "dwarf-with-dsym";
				DEVELOPMENT_TEAM = 92PJT7J9M9;
				ENABLE_NS_ASSERTIONS = NO;
				ENABLE_STRICT_OBJC_MSGSEND = YES;
				ENABLE_USER_SCRIPT_SANDBOXING = YES;
				GCC_C_LANGUAGE_STANDARD = gnu17;
				GCC_NO_COMMON_BLOCKS = YES;
				GCC_WARN_64_TO_32_BIT_CONVERSION = YES;
				GCC_WARN_ABOUT_RETURN_TYPE = YES_ERROR;
				GCC_WARN_UNDECLARED_SELECTOR = YES;
				GCC_WARN_UNINITIALIZED_AUTOS = YES_AGGRESSIVE;
				GCC_WARN_UNUSED_FUNCTION = YES;
				GCC_WARN_UNUSED_VARIABLE = YES;
				LOCALIZATION_PREFERS_STRING_CATALOGS = YES;
				MACOSX_DEPLOYMENT_TARGET = 15.2;
				MTL_ENABLE_DEBUG_INFO = NO;
				MTL_FAST_MATH = YES;
				SDKROOT = macosx;
			};
			name = Release;
		};
		668AAAA12DB1034A006D2BDA /* Debug */ = {
			isa = XCBuildConfiguration;
			buildSettings = {
				"CODE_SIGN_IDENTITY[sdk=macosx*]" = "Apple Development";
				CODE_SIGN_STYLE = Automatic;
				DEAD_CODE_STRIPPING = YES;
				ENABLE_HARDENED_RUNTIME = YES;
				PRODUCT_NAME = "$(TARGET_NAME)";
			};
			name = Debug;
		};
		668AAAA22DB1034A006D2BDA /* Release */ = {
			isa = XCBuildConfiguration;
			buildSettings = {
				"CODE_SIGN_IDENTITY[sdk=macosx*]" = "Apple Development";
				CODE_SIGN_STYLE = Automatic;
				DEAD_CODE_STRIPPING = YES;
				ENABLE_HARDENED_RUNTIME = YES;
				PRODUCT_NAME = "$(TARGET_NAME)";
			};
			name = Release;
		};
/* End XCBuildConfiguration section */

/* Begin XCConfigurationList section */
		662356302DE1ED9D00CAAC4A /* Build configuration list for PBXNativeTarget "testing" */ = {
			isa = XCConfigurationList;
			buildConfigurations = (
				662356312DE1ED9D00CAAC4A /* Debug */,
				662356322DE1ED9D00CAAC4A /* Release */,
			);
			defaultConfigurationIsVisible = 0;
			defaultConfigurationName = Release;
		};
		668AAA942DB1034A006D2BDA /* Build configuration list for PBXProject "rt" */ = {
			isa = XCConfigurationList;
			buildConfigurations = (
				668AAA9E2DB1034A006D2BDA /* Debug */,
				668AAA9F2DB1034A006D2BDA /* Release */,
			);
			defaultConfigurationIsVisible = 0;
			defaultConfigurationName = Release;
		};
		668AAAA02DB1034A006D2BDA /* Build configuration list for PBXNativeTarget "rt" */ = {
			isa = XCConfigurationList;
			buildConfigurations = (
				668AAAA12DB1034A006D2BDA /* Debug */,
				668AAAA22DB1034A006D2BDA /* Release */,
			);
			defaultConfigurationIsVisible = 0;
			defaultConfigurationName = Release;
		};
/* End XCConfigurationList section */
	};
	rootObject = 668AAA912DB1034A006D2BDA /* Project object */;
}
