// !$*UTF8*$!
{
	archiveVersion = 1;
	classes = {
	};
	objectVersion = 56;
	objects = {

/* Begin PBXBuildFile section */
		6661C21B2C38071100D58CDC /* rt.cpp in Sources */ = {isa = PBXBuildFile; fileRef = 6661C21A2C38071100D58CDC /* rt.cpp */; settings = {COMPILER_FLAGS = "-Wall -Wextra -Werror"; }; };
		6661C2452C380BC200D58CDC /* colortest.cpp in Sources */ = {isa = PBXBuildFile; fileRef = 6661C2362C38092D00D58CDC /* colortest.cpp */; };
		6661C2522C380C1900D58CDC /* geometrytest.cpp in Sources */ = {isa = PBXBuildFile; fileRef = 6661C2382C380B7200D58CDC /* geometrytest.cpp */; settings = {COMPILER_FLAGS = "-Wall -Wextra -Werror"; }; };
		6661C2532C380C2800D58CDC /* geometrytest.cpp in Sources */ = {isa = PBXBuildFile; fileRef = 6661C2382C380B7200D58CDC /* geometrytest.cpp */; settings = {COMPILER_FLAGS = "-Wall -Wextra -Werror"; }; };
/* End PBXBuildFile section */

/* Begin PBXCopyFilesBuildPhase section */
		6661C2152C38071100D58CDC /* CopyFiles */ = {
			isa = PBXCopyFilesBuildPhase;
			buildActionMask = 2147483647;
			dstPath = /usr/share/man/man1/;
			dstSubfolderSpec = 0;
			files = (
			);
			runOnlyForDeploymentPostprocessing = 1;
		};
		6661C23C2C380B9A00D58CDC /* CopyFiles */ = {
			isa = PBXCopyFilesBuildPhase;
			buildActionMask = 2147483647;
			dstPath = /usr/share/man/man1/;
			dstSubfolderSpec = 0;
			files = (
			);
			runOnlyForDeploymentPostprocessing = 1;
		};
		6661C2482C380BFE00D58CDC /* CopyFiles */ = {
			isa = PBXCopyFilesBuildPhase;
			buildActionMask = 2147483647;
			dstPath = /usr/share/man/man1/;
			dstSubfolderSpec = 0;
			files = (
			);
			runOnlyForDeploymentPostprocessing = 1;
		};
/* End PBXCopyFilesBuildPhase section */

/* Begin PBXFileReference section */
		6661C2172C38071100D58CDC /* rt */ = {isa = PBXFileReference; explicitFileType = "compiled.mach-o.executable"; includeInIndex = 0; path = rt; sourceTree = BUILT_PRODUCTS_DIR; };
		6661C21A2C38071100D58CDC /* rt.cpp */ = {isa = PBXFileReference; lastKnownFileType = sourcecode.cpp.cpp; path = rt.cpp; sourceTree = "<group>"; };
		6661C2212C38077900D58CDC /* color */ = {isa = PBXFileReference; lastKnownFileType = folder; path = color; sourceTree = "<group>"; };
		6661C2222C38078900D58CDC /* geometry */ = {isa = PBXFileReference; lastKnownFileType = folder; path = geometry; sourceTree = "<group>"; };
		6661C2362C38092D00D58CDC /* colortest.cpp */ = {isa = PBXFileReference; lastKnownFileType = sourcecode.cpp.cpp; path = colortest.cpp; sourceTree = "<group>"; };
		6661C2382C380B7200D58CDC /* geometrytest.cpp */ = {isa = PBXFileReference; lastKnownFileType = sourcecode.cpp.cpp; path = geometrytest.cpp; sourceTree = "<group>"; };
		6661C23E2C380B9A00D58CDC /* colortest */ = {isa = PBXFileReference; explicitFileType = "compiled.mach-o.executable"; includeInIndex = 0; path = colortest; sourceTree = BUILT_PRODUCTS_DIR; };
		6661C24A2C380BFE00D58CDC /* geometrytest */ = {isa = PBXFileReference; explicitFileType = "compiled.mach-o.executable"; includeInIndex = 0; path = geometrytest; sourceTree = BUILT_PRODUCTS_DIR; };
/* End PBXFileReference section */

/* Begin PBXFrameworksBuildPhase section */
		6661C2142C38071100D58CDC /* Frameworks */ = {
			isa = PBXFrameworksBuildPhase;
			buildActionMask = 2147483647;
			files = (
			);
			runOnlyForDeploymentPostprocessing = 0;
		};
		6661C23B2C380B9A00D58CDC /* Frameworks */ = {
			isa = PBXFrameworksBuildPhase;
			buildActionMask = 2147483647;
			files = (
			);
			runOnlyForDeploymentPostprocessing = 0;
		};
		6661C2472C380BFE00D58CDC /* Frameworks */ = {
			isa = PBXFrameworksBuildPhase;
			buildActionMask = 2147483647;
			files = (
			);
			runOnlyForDeploymentPostprocessing = 0;
		};
/* End PBXFrameworksBuildPhase section */

/* Begin PBXGroup section */
		6661C20E2C38071100D58CDC = {
			isa = PBXGroup;
			children = (
				6661C2212C38077900D58CDC /* color */,
				6661C2222C38078900D58CDC /* geometry */,
				6661C21A2C38071100D58CDC /* rt.cpp */,
				6661C23F2C380B9A00D58CDC /* tests */,
				6661C2182C38071100D58CDC /* Products */,
			);
			sourceTree = "<group>";
		};
		6661C2182C38071100D58CDC /* Products */ = {
			isa = PBXGroup;
			children = (
				6661C2172C38071100D58CDC /* rt */,
				6661C23E2C380B9A00D58CDC /* colortest */,
				6661C24A2C380BFE00D58CDC /* geometrytest */,
			);
			name = Products;
			sourceTree = "<group>";
		};
		6661C23F2C380B9A00D58CDC /* tests */ = {
			isa = PBXGroup;
			children = (
				6661C2382C380B7200D58CDC /* geometrytest.cpp */,
				6661C2362C38092D00D58CDC /* colortest.cpp */,
			);
			path = tests;
			sourceTree = "<group>";
		};
/* End PBXGroup section */

/* Begin PBXNativeTarget section */
		6661C2162C38071100D58CDC /* rt */ = {
			isa = PBXNativeTarget;
			buildConfigurationList = 6661C21E2C38071100D58CDC /* Build configuration list for PBXNativeTarget "rt" */;
			buildPhases = (
				6661C2132C38071100D58CDC /* Sources */,
				6661C2142C38071100D58CDC /* Frameworks */,
				6661C2152C38071100D58CDC /* CopyFiles */,
			);
			buildRules = (
			);
			dependencies = (
			);
			name = rt;
			productName = rt;
			productReference = 6661C2172C38071100D58CDC /* rt */;
			productType = "com.apple.product-type.tool";
		};
		6661C23D2C380B9A00D58CDC /* colortest */ = {
			isa = PBXNativeTarget;
			buildConfigurationList = 6661C2422C380B9A00D58CDC /* Build configuration list for PBXNativeTarget "colortest" */;
			buildPhases = (
				6661C23A2C380B9A00D58CDC /* Sources */,
				6661C23B2C380B9A00D58CDC /* Frameworks */,
				6661C23C2C380B9A00D58CDC /* CopyFiles */,
			);
			buildRules = (
			);
			dependencies = (
			);
			name = colortest;
			productName = colortest;
			productReference = 6661C23E2C380B9A00D58CDC /* colortest */;
			productType = "com.apple.product-type.tool";
		};
		6661C2492C380BFE00D58CDC /* geometrytest */ = {
			isa = PBXNativeTarget;
			buildConfigurationList = 6661C24E2C380BFE00D58CDC /* Build configuration list for PBXNativeTarget "geometrytest" */;
			buildPhases = (
				6661C2462C380BFE00D58CDC /* Sources */,
				6661C2472C380BFE00D58CDC /* Frameworks */,
				6661C2482C380BFE00D58CDC /* CopyFiles */,
			);
			buildRules = (
			);
			dependencies = (
			);
			name = geometrytest;
			productName = geometrytest;
			productReference = 6661C24A2C380BFE00D58CDC /* geometrytest */;
			productType = "com.apple.product-type.tool";
		};
/* End PBXNativeTarget section */

/* Begin PBXProject section */
		6661C20F2C38071100D58CDC /* Project object */ = {
			isa = PBXProject;
			attributes = {
				BuildIndependentTargetsInParallel = 1;
				LastUpgradeCheck = 1540;
				TargetAttributes = {
					6661C2162C38071100D58CDC = {
						CreatedOnToolsVersion = 15.4;
					};
					6661C23D2C380B9A00D58CDC = {
						CreatedOnToolsVersion = 15.4;
					};
					6661C2492C380BFE00D58CDC = {
						CreatedOnToolsVersion = 15.4;
					};
				};
			};
			buildConfigurationList = 6661C2122C38071100D58CDC /* Build configuration list for PBXProject "rt" */;
			compatibilityVersion = "Xcode 14.0";
			developmentRegion = en;
			hasScannedForEncodings = 0;
			knownRegions = (
				en,
				Base,
			);
			mainGroup = 6661C20E2C38071100D58CDC;
			productRefGroup = 6661C2182C38071100D58CDC /* Products */;
			projectDirPath = "";
			projectRoot = "";
			targets = (
				6661C2162C38071100D58CDC /* rt */,
				6661C23D2C380B9A00D58CDC /* colortest */,
				6661C2492C380BFE00D58CDC /* geometrytest */,
			);
		};
/* End PBXProject section */

/* Begin PBXSourcesBuildPhase section */
		6661C2132C38071100D58CDC /* Sources */ = {
			isa = PBXSourcesBuildPhase;
			buildActionMask = 2147483647;
			files = (
				6661C21B2C38071100D58CDC /* rt.cpp in Sources */,
			);
			runOnlyForDeploymentPostprocessing = 0;
		};
		6661C23A2C380B9A00D58CDC /* Sources */ = {
			isa = PBXSourcesBuildPhase;
			buildActionMask = 2147483647;
			files = (
				6661C2522C380C1900D58CDC /* geometrytest.cpp in Sources */,
				6661C2452C380BC200D58CDC /* colortest.cpp in Sources */,
			);
			runOnlyForDeploymentPostprocessing = 0;
		};
		6661C2462C380BFE00D58CDC /* Sources */ = {
			isa = PBXSourcesBuildPhase;
			buildActionMask = 2147483647;
			files = (
				6661C2532C380C2800D58CDC /* geometrytest.cpp in Sources */,
			);
			runOnlyForDeploymentPostprocessing = 0;
		};
/* End PBXSourcesBuildPhase section */

/* Begin XCBuildConfiguration section */
		6661C21C2C38071100D58CDC /* Debug */ = {
			isa = XCBuildConfiguration;
			buildSettings = {
				ALWAYS_SEARCH_USER_PATHS = NO;
				ASSETCATALOG_COMPILER_GENERATE_SWIFT_ASSET_SYMBOL_EXTENSIONS = YES;
				CLANG_ANALYZER_NONNULL = YES;
				CLANG_ANALYZER_NUMBER_OBJECT_CONVERSION = YES_AGGRESSIVE;
				CLANG_CXX_LANGUAGE_STANDARD = "gnu++20";
				CLANG_ENABLE_MODULES = YES;
				CLANG_ENABLE_OBJC_ARC = YES;
				CLANG_ENABLE_OBJC_WEAK = YES;
				CLANG_WARN_BLOCK_CAPTURE_AUTORELEASING = YES;
				CLANG_WARN_BOOL_CONVERSION = YES;
				CLANG_WARN_COMMA = YES;
				CLANG_WARN_CONSTANT_CONVERSION = YES;
				CLANG_WARN_DEPRECATED_OBJC_IMPLEMENTATIONS = YES;
				CLANG_WARN_DIRECT_OBJC_ISA_USAGE = YES_ERROR;
				CLANG_WARN_DOCUMENTATION_COMMENTS = YES;
				CLANG_WARN_EMPTY_BODY = YES;
				CLANG_WARN_ENUM_CONVERSION = YES;
				CLANG_WARN_INFINITE_RECURSION = YES;
				CLANG_WARN_INT_CONVERSION = YES;
				CLANG_WARN_NON_LITERAL_NULL_CONVERSION = YES;
				CLANG_WARN_OBJC_IMPLICIT_RETAIN_SELF = YES;
				CLANG_WARN_OBJC_LITERAL_CONVERSION = YES;
				CLANG_WARN_OBJC_ROOT_CLASS = YES_ERROR;
				CLANG_WARN_QUOTED_INCLUDE_IN_FRAMEWORK_HEADER = YES;
				CLANG_WARN_RANGE_LOOP_ANALYSIS = YES;
				CLANG_WARN_STRICT_PROTOTYPES = YES;
				CLANG_WARN_SUSPICIOUS_MOVE = YES;
				CLANG_WARN_UNGUARDED_AVAILABILITY = YES_AGGRESSIVE;
				CLANG_WARN_UNREACHABLE_CODE = YES;
				CLANG_WARN__DUPLICATE_METHOD_MATCH = YES;
				COPY_PHASE_STRIP = NO;
				DEBUG_INFORMATION_FORMAT = dwarf;
				ENABLE_STRICT_OBJC_MSGSEND = YES;
				ENABLE_TESTABILITY = YES;
				ENABLE_USER_SCRIPT_SANDBOXING = YES;
				GCC_C_LANGUAGE_STANDARD = gnu17;
				GCC_DYNAMIC_NO_PIC = NO;
				GCC_NO_COMMON_BLOCKS = YES;
				GCC_OPTIMIZATION_LEVEL = 0;
				GCC_PREPROCESSOR_DEFINITIONS = (
					"DEBUG=1",
					"$(inherited)",
				);
				GCC_WARN_64_TO_32_BIT_CONVERSION = YES;
				GCC_WARN_ABOUT_RETURN_TYPE = YES_ERROR;
				GCC_WARN_UNDECLARED_SELECTOR = YES;
				GCC_WARN_UNINITIALIZED_AUTOS = YES_AGGRESSIVE;
				GCC_WARN_UNUSED_FUNCTION = YES;
				GCC_WARN_UNUSED_VARIABLE = YES;
				LOCALIZATION_PREFERS_STRING_CATALOGS = YES;
				MACOSX_DEPLOYMENT_TARGET = 14.5;
				MTL_ENABLE_DEBUG_INFO = INCLUDE_SOURCE;
				MTL_FAST_MATH = YES;
				ONLY_ACTIVE_ARCH = YES;
				SDKROOT = macosx;
			};
			name = Debug;
		};
		6661C21D2C38071100D58CDC /* Release */ = {
			isa = XCBuildConfiguration;
			buildSettings = {
				ALWAYS_SEARCH_USER_PATHS = NO;
				ASSETCATALOG_COMPILER_GENERATE_SWIFT_ASSET_SYMBOL_EXTENSIONS = YES;
				CLANG_ANALYZER_NONNULL = YES;
				CLANG_ANALYZER_NUMBER_OBJECT_CONVERSION = YES_AGGRESSIVE;
				CLANG_CXX_LANGUAGE_STANDARD = "gnu++20";
				CLANG_ENABLE_MODULES = YES;
				CLANG_ENABLE_OBJC_ARC = YES;
				CLANG_ENABLE_OBJC_WEAK = YES;
				CLANG_WARN_BLOCK_CAPTURE_AUTORELEASING = YES;
				CLANG_WARN_BOOL_CONVERSION = YES;
				CLANG_WARN_COMMA = YES;
				CLANG_WARN_CONSTANT_CONVERSION = YES;
				CLANG_WARN_DEPRECATED_OBJC_IMPLEMENTATIONS = YES;
				CLANG_WARN_DIRECT_OBJC_ISA_USAGE = YES_ERROR;
				CLANG_WARN_DOCUMENTATION_COMMENTS = YES;
				CLANG_WARN_EMPTY_BODY = YES;
				CLANG_WARN_ENUM_CONVERSION = YES;
				CLANG_WARN_INFINITE_RECURSION = YES;
				CLANG_WARN_INT_CONVERSION = YES;
				CLANG_WARN_NON_LITERAL_NULL_CONVERSION = YES;
				CLANG_WARN_OBJC_IMPLICIT_RETAIN_SELF = YES;
				CLANG_WARN_OBJC_LITERAL_CONVERSION = YES;
				CLANG_WARN_OBJC_ROOT_CLASS = YES_ERROR;
				CLANG_WARN_QUOTED_INCLUDE_IN_FRAMEWORK_HEADER = YES;
				CLANG_WARN_RANGE_LOOP_ANALYSIS = YES;
				CLANG_WARN_STRICT_PROTOTYPES = YES;
				CLANG_WARN_SUSPICIOUS_MOVE = YES;
				CLANG_WARN_UNGUARDED_AVAILABILITY = YES_AGGRESSIVE;
				CLANG_WARN_UNREACHABLE_CODE = YES;
				CLANG_WARN__DUPLICATE_METHOD_MATCH = YES;
				COPY_PHASE_STRIP = NO;
				DEBUG_INFORMATION_FORMAT = "dwarf-with-dsym";
				ENABLE_NS_ASSERTIONS = NO;
				ENABLE_STRICT_OBJC_MSGSEND = YES;
				ENABLE_USER_SCRIPT_SANDBOXING = YES;
				GCC_C_LANGUAGE_STANDARD = gnu17;
				GCC_NO_COMMON_BLOCKS = YES;
				GCC_WARN_64_TO_32_BIT_CONVERSION = YES;
				GCC_WARN_ABOUT_RETURN_TYPE = YES_ERROR;
				GCC_WARN_UNDECLARED_SELECTOR = YES;
				GCC_WARN_UNINITIALIZED_AUTOS = YES_AGGRESSIVE;
				GCC_WARN_UNUSED_FUNCTION = YES;
				GCC_WARN_UNUSED_VARIABLE = YES;
				LOCALIZATION_PREFERS_STRING_CATALOGS = YES;
				MACOSX_DEPLOYMENT_TARGET = 14.5;
				MTL_ENABLE_DEBUG_INFO = NO;
				MTL_FAST_MATH = YES;
				SDKROOT = macosx;
			};
			name = Release;
		};
		6661C21F2C38071100D58CDC /* Debug */ = {
			isa = XCBuildConfiguration;
			buildSettings = {
				CODE_SIGN_STYLE = Automatic;
				DEVELOPMENT_TEAM = 92PJT7J9M9;
				ENABLE_HARDENED_RUNTIME = YES;
				PRODUCT_NAME = "$(TARGET_NAME)";
			};
			name = Debug;
		};
		6661C2202C38071100D58CDC /* Release */ = {
			isa = XCBuildConfiguration;
			buildSettings = {
				CODE_SIGN_STYLE = Automatic;
				DEVELOPMENT_TEAM = 92PJT7J9M9;
				ENABLE_HARDENED_RUNTIME = YES;
				PRODUCT_NAME = "$(TARGET_NAME)";
			};
			name = Release;
		};
		6661C2432C380B9A00D58CDC /* Debug */ = {
			isa = XCBuildConfiguration;
			buildSettings = {
				CODE_SIGN_STYLE = Automatic;
				DEVELOPMENT_TEAM = 92PJT7J9M9;
				ENABLE_HARDENED_RUNTIME = YES;
				PRODUCT_NAME = "$(TARGET_NAME)";
			};
			name = Debug;
		};
		6661C2442C380B9A00D58CDC /* Release */ = {
			isa = XCBuildConfiguration;
			buildSettings = {
				CODE_SIGN_STYLE = Automatic;
				DEVELOPMENT_TEAM = 92PJT7J9M9;
				ENABLE_HARDENED_RUNTIME = YES;
				PRODUCT_NAME = "$(TARGET_NAME)";
			};
			name = Release;
		};
		6661C24F2C380BFE00D58CDC /* Debug */ = {
			isa = XCBuildConfiguration;
			buildSettings = {
				CODE_SIGN_STYLE = Automatic;
				DEVELOPMENT_TEAM = 92PJT7J9M9;
				ENABLE_HARDENED_RUNTIME = YES;
				PRODUCT_NAME = "$(TARGET_NAME)";
			};
			name = Debug;
		};
		6661C2502C380BFE00D58CDC /* Release */ = {
			isa = XCBuildConfiguration;
			buildSettings = {
				CODE_SIGN_STYLE = Automatic;
				DEVELOPMENT_TEAM = 92PJT7J9M9;
				ENABLE_HARDENED_RUNTIME = YES;
				PRODUCT_NAME = "$(TARGET_NAME)";
			};
			name = Release;
		};
/* End XCBuildConfiguration section */

/* Begin XCConfigurationList section */
		6661C2122C38071100D58CDC /* Build configuration list for PBXProject "rt" */ = {
			isa = XCConfigurationList;
			buildConfigurations = (
				6661C21C2C38071100D58CDC /* Debug */,
				6661C21D2C38071100D58CDC /* Release */,
			);
			defaultConfigurationIsVisible = 0;
			defaultConfigurationName = Release;
		};
		6661C21E2C38071100D58CDC /* Build configuration list for PBXNativeTarget "rt" */ = {
			isa = XCConfigurationList;
			buildConfigurations = (
				6661C21F2C38071100D58CDC /* Debug */,
				6661C2202C38071100D58CDC /* Release */,
			);
			defaultConfigurationIsVisible = 0;
			defaultConfigurationName = Release;
		};
		6661C2422C380B9A00D58CDC /* Build configuration list for PBXNativeTarget "colortest" */ = {
			isa = XCConfigurationList;
			buildConfigurations = (
				6661C2432C380B9A00D58CDC /* Debug */,
				6661C2442C380B9A00D58CDC /* Release */,
			);
			defaultConfigurationIsVisible = 0;
			defaultConfigurationName = Release;
		};
		6661C24E2C380BFE00D58CDC /* Build configuration list for PBXNativeTarget "geometrytest" */ = {
			isa = XCConfigurationList;
			buildConfigurations = (
				6661C24F2C380BFE00D58CDC /* Debug */,
				6661C2502C380BFE00D58CDC /* Release */,
			);
			defaultConfigurationIsVisible = 0;
			defaultConfigurationName = Release;
		};
/* End XCConfigurationList section */
	};
	rootObject = 6661C20F2C38071100D58CDC /* Project object */;
}
