// !$*UTF8*$!
{
	archiveVersion = 1;
	classes = {
	};
	objectVersion = 56;
	objects = {

/* Begin PBXBuildFile section */
		665241D22C5BA6E700BD3A64 /* Ray.cpp in Sources */ = {isa = PBXBuildFile; fileRef = 665241D02C5BA6E700BD3A64 /* Ray.cpp */; settings = {COMPILER_FLAGS = "-Wall -Wextra -Werror"; }; };
		6659C4E32C399E8A00CC7FAB /* MlxImage.cpp in Sources */ = {isa = PBXBuildFile; fileRef = 6659C4E12C399E8A00CC7FAB /* MlxImage.cpp */; settings = {COMPILER_FLAGS = "-Wall -Wextra -Werror"; }; };
		6659C4E62C39A8B200CC7FAB /* OpenGL.framework in Frameworks */ = {isa = PBXBuildFile; fileRef = 6659C4E52C39A8B200CC7FAB /* OpenGL.framework */; };
		6659C4E82C39A8CD00CC7FAB /* AppKit.framework in Frameworks */ = {isa = PBXBuildFile; fileRef = 6659C4E72C39A8CD00CC7FAB /* AppKit.framework */; };
		6661C21B2C38071100D58CDC /* main.cpp in Sources */ = {isa = PBXBuildFile; fileRef = 6661C21A2C38071100D58CDC /* main.cpp */; settings = {COMPILER_FLAGS = "-Wall -Wextra -Werror"; }; };
		6661C2452C380BC200D58CDC /* colortest.cpp in Sources */ = {isa = PBXBuildFile; fileRef = 6661C2362C38092D00D58CDC /* colortest.cpp */; settings = {COMPILER_FLAGS = "-Wall -Wextra -Werror"; }; };
		6661C2532C380C2800D58CDC /* geometrytest.cpp in Sources */ = {isa = PBXBuildFile; fileRef = 6661C2382C380B7200D58CDC /* geometrytest.cpp */; settings = {COMPILER_FLAGS = "-Wall -Wextra -Werror"; }; };
		667951722C41AD05009C1DDD /* Scene.cpp in Sources */ = {isa = PBXBuildFile; fileRef = 667951702C41AD05009C1DDD /* Scene.cpp */; settings = {COMPILER_FLAGS = "-Wall -Wextra -Werror"; }; };
		667951792C427BFD009C1DDD /* camera.cpp in Sources */ = {isa = PBXBuildFile; fileRef = 667951772C427BFD009C1DDD /* camera.cpp */; settings = {COMPILER_FLAGS = "-Wall -Wextra -Werror"; }; };
		6679517D2C46DF55009C1DDD /* geometry.cpp in Sources */ = {isa = PBXBuildFile; fileRef = 6679517C2C46DF55009C1DDD /* geometry.cpp */; settings = {COMPILER_FLAGS = "-Wall -Wextra -Werror"; }; };
		6679518B2C5216B7009C1DDD /* Light.cpp in Sources */ = {isa = PBXBuildFile; fileRef = 667951892C5216B7009C1DDD /* Light.cpp */; settings = {COMPILER_FLAGS = "-Wall -Wextra -Werror"; }; };
		667951922C5293BB009C1DDD /* ARGBColor.cpp in Sources */ = {isa = PBXBuildFile; fileRef = 667951912C5293BB009C1DDD /* ARGBColor.cpp */; settings = {COMPILER_FLAGS = "-Wall -Wextra -Werror"; }; };
		667951932C52FD48009C1DDD /* ARGBColor.cpp in Sources */ = {isa = PBXBuildFile; fileRef = 667951912C5293BB009C1DDD /* ARGBColor.cpp */; settings = {COMPILER_FLAGS = "-Wall -Wextra -Werror"; }; };
		66D1668D2C3B4243002E6F7E /* libmlx.a in Frameworks */ = {isa = PBXBuildFile; fileRef = 66D1668C2C3B4243002E6F7E /* libmlx.a */; };
		66D166C62C3C172F002E6F7E /* Sphere.cpp in Sources */ = {isa = PBXBuildFile; fileRef = 66D166C42C3C172F002E6F7E /* Sphere.cpp */; settings = {COMPILER_FLAGS = "-Wall -Wextra -Werror"; }; };
		66D166CA2C3D9281002E6F7E /* A_Scenery.cpp in Sources */ = {isa = PBXBuildFile; fileRef = 66D166C82C3D9281002E6F7E /* A_Scenery.cpp */; settings = {COMPILER_FLAGS = "-Wall -Wextra -Werror"; }; };
/* End PBXBuildFile section */

/* Begin PBXCopyFilesBuildPhase section */
		6661C2152C38071100D58CDC /* CopyFiles */ = {
			isa = PBXCopyFilesBuildPhase;
			buildActionMask = 2147483647;
			dstPath = /usr/share/man/man1/;
			dstSubfolderSpec = 0;
			files = (
			);
			runOnlyForDeploymentPostprocessing = 1;
		};
		6661C23C2C380B9A00D58CDC /* CopyFiles */ = {
			isa = PBXCopyFilesBuildPhase;
			buildActionMask = 2147483647;
			dstPath = /usr/share/man/man1/;
			dstSubfolderSpec = 0;
			files = (
			);
			runOnlyForDeploymentPostprocessing = 1;
		};
		6661C2482C380BFE00D58CDC /* CopyFiles */ = {
			isa = PBXCopyFilesBuildPhase;
			buildActionMask = 2147483647;
			dstPath = /usr/share/man/man1/;
			dstSubfolderSpec = 0;
			files = (
			);
			runOnlyForDeploymentPostprocessing = 1;
		};
/* End PBXCopyFilesBuildPhase section */

/* Begin PBXFileReference section */
		665241CD2C58174000BD3A64 /* colortest */ = {isa = PBXFileReference; explicitFileType = "compiled.mach-o.executable"; includeInIndex = 0; name = colortest; path = "/Users/uru/Library/Mobile Documents/com~apple~CloudDocs/42_Projects/rt/build/Debug/colortest"; sourceTree = "<absolute>"; };
		665241CE2C58174000BD3A64 /* geometrytest */ = {isa = PBXFileReference; explicitFileType = "compiled.mach-o.executable"; includeInIndex = 0; name = geometrytest; path = "/Users/uru/Library/Mobile Documents/com~apple~CloudDocs/42_Projects/rt/build/Debug/geometrytest"; sourceTree = "<absolute>"; };
		665241D02C5BA6E700BD3A64 /* Ray.cpp */ = {isa = PBXFileReference; lastKnownFileType = sourcecode.cpp.cpp; path = Ray.cpp; sourceTree = "<group>"; };
		665241D12C5BA6E700BD3A64 /* Ray.hpp */ = {isa = PBXFileReference; lastKnownFileType = sourcecode.cpp.h; path = Ray.hpp; sourceTree = "<group>"; };
		6659C4E12C399E8A00CC7FAB /* MlxImage.cpp */ = {isa = PBXFileReference; lastKnownFileType = sourcecode.cpp.cpp; path = MlxImage.cpp; sourceTree = "<group>"; };
		6659C4E22C399E8A00CC7FAB /* MlxImage.hpp */ = {isa = PBXFileReference; lastKnownFileType = sourcecode.cpp.h; path = MlxImage.hpp; sourceTree = "<group>"; };
		6659C4E52C39A8B200CC7FAB /* OpenGL.framework */ = {isa = PBXFileReference; lastKnownFileType = wrapper.framework; name = OpenGL.framework; path = System/Library/Frameworks/OpenGL.framework; sourceTree = SDKROOT; };
		6659C4E72C39A8CD00CC7FAB /* AppKit.framework */ = {isa = PBXFileReference; lastKnownFileType = wrapper.framework; name = AppKit.framework; path = System/Library/Frameworks/AppKit.framework; sourceTree = SDKROOT; };
		6659C4EB2C39A8F700CC7FAB /* mlx.h */ = {isa = PBXFileReference; fileEncoding = 4; lastKnownFileType = sourcecode.c.h; path = mlx.h; sourceTree = "<group>"; };
		6661C21A2C38071100D58CDC /* main.cpp */ = {isa = PBXFileReference; lastKnownFileType = sourcecode.cpp.cpp; path = main.cpp; sourceTree = "<group>"; };
		6661C2362C38092D00D58CDC /* colortest.cpp */ = {isa = PBXFileReference; lastKnownFileType = sourcecode.cpp.cpp; path = colortest.cpp; sourceTree = "<group>"; };
		6661C2382C380B7200D58CDC /* geometrytest.cpp */ = {isa = PBXFileReference; lastKnownFileType = sourcecode.cpp.cpp; path = geometrytest.cpp; sourceTree = "<group>"; };
		667951702C41AD05009C1DDD /* Scene.cpp */ = {isa = PBXFileReference; lastKnownFileType = sourcecode.cpp.cpp; path = Scene.cpp; sourceTree = "<group>"; };
		667951712C41AD05009C1DDD /* Scene.hpp */ = {isa = PBXFileReference; lastKnownFileType = sourcecode.cpp.h; path = Scene.hpp; sourceTree = "<group>"; };
		667951772C427BFD009C1DDD /* camera.cpp */ = {isa = PBXFileReference; lastKnownFileType = sourcecode.cpp.cpp; path = camera.cpp; sourceTree = "<group>"; };
		667951782C427BFD009C1DDD /* camera.hpp */ = {isa = PBXFileReference; lastKnownFileType = sourcecode.cpp.h; path = camera.hpp; sourceTree = "<group>"; };
		6679517C2C46DF55009C1DDD /* geometry.cpp */ = {isa = PBXFileReference; lastKnownFileType = sourcecode.cpp.cpp; path = geometry.cpp; sourceTree = "<group>"; };
		667951822C4D535C009C1DDD /* rt */ = {isa = PBXFileReference; explicitFileType = "compiled.mach-o.executable"; includeInIndex = 0; path = rt; sourceTree = BUILT_PRODUCTS_DIR; };
		667951892C5216B7009C1DDD /* Light.cpp */ = {isa = PBXFileReference; lastKnownFileType = sourcecode.cpp.cpp; path = Light.cpp; sourceTree = "<group>"; };
		6679518A2C5216B7009C1DDD /* Light.hpp */ = {isa = PBXFileReference; lastKnownFileType = sourcecode.cpp.h; path = Light.hpp; sourceTree = "<group>"; };
		6679518F2C5293BB009C1DDD /* geometry.hpp */ = {isa = PBXFileReference; fileEncoding = 4; lastKnownFileType = sourcecode.cpp.h; path = geometry.hpp; sourceTree = "<group>"; };
		667951902C5293BB009C1DDD /* ARGBColor.hpp */ = {isa = PBXFileReference; fileEncoding = 4; lastKnownFileType = sourcecode.cpp.h; path = ARGBColor.hpp; sourceTree = "<group>"; };
		667951912C5293BB009C1DDD /* ARGBColor.cpp */ = {isa = PBXFileReference; fileEncoding = 4; lastKnownFileType = sourcecode.cpp.cpp; path = ARGBColor.cpp; sourceTree = "<group>"; };
		66B6D1C42C3AD3B9008FD6E6 /* Header.h */ = {isa = PBXFileReference; lastKnownFileType = sourcecode.c.h; path = Header.h; sourceTree = "<group>"; };
		66D1668C2C3B4243002E6F7E /* libmlx.a */ = {isa = PBXFileReference; lastKnownFileType = archive.ar; path = libmlx.a; sourceTree = "<group>"; };
		66D166C42C3C172F002E6F7E /* Sphere.cpp */ = {isa = PBXFileReference; lastKnownFileType = sourcecode.cpp.cpp; path = Sphere.cpp; sourceTree = "<group>"; };
		66D166C52C3C172F002E6F7E /* Sphere.hpp */ = {isa = PBXFileReference; lastKnownFileType = sourcecode.cpp.h; path = Sphere.hpp; sourceTree = "<group>"; };
		66D166C82C3D9281002E6F7E /* A_Scenery.cpp */ = {isa = PBXFileReference; lastKnownFileType = sourcecode.cpp.cpp; path = A_Scenery.cpp; sourceTree = "<group>"; };
		66D166C92C3D9281002E6F7E /* A_Scenery.hpp */ = {isa = PBXFileReference; lastKnownFileType = sourcecode.cpp.h; path = A_Scenery.hpp; sourceTree = "<group>"; };
/* End PBXFileReference section */

/* Begin PBXFrameworksBuildPhase section */
		6661C2142C38071100D58CDC /* Frameworks */ = {
			isa = PBXFrameworksBuildPhase;
			buildActionMask = 2147483647;
			files = (
				66D1668D2C3B4243002E6F7E /* libmlx.a in Frameworks */,
				6659C4E82C39A8CD00CC7FAB /* AppKit.framework in Frameworks */,
				6659C4E62C39A8B200CC7FAB /* OpenGL.framework in Frameworks */,
			);
			runOnlyForDeploymentPostprocessing = 0;
		};
		6661C23B2C380B9A00D58CDC /* Frameworks */ = {
			isa = PBXFrameworksBuildPhase;
			buildActionMask = 2147483647;
			files = (
			);
			runOnlyForDeploymentPostprocessing = 0;
		};
		6661C2472C380BFE00D58CDC /* Frameworks */ = {
			isa = PBXFrameworksBuildPhase;
			buildActionMask = 2147483647;
			files = (
			);
			runOnlyForDeploymentPostprocessing = 0;
		};
/* End PBXFrameworksBuildPhase section */

/* Begin PBXGroup section */
		6659C4E42C39A8B200CC7FAB /* Frameworks */ = {
			isa = PBXGroup;
			children = (
				66D1668C2C3B4243002E6F7E /* libmlx.a */,
				6659C4E72C39A8CD00CC7FAB /* AppKit.framework */,
				6659C4E52C39A8B200CC7FAB /* OpenGL.framework */,
			);
			name = Frameworks;
			sourceTree = "<group>";
		};
		6661C20E2C38071100D58CDC = {
			isa = PBXGroup;
			children = (
				6659C4E42C39A8B200CC7FAB /* Frameworks */,
				667951822C4D535C009C1DDD /* rt */,
				6679518D2C5217A4009C1DDD /* srcs */,
				6661C23F2C380B9A00D58CDC /* tests */,
			);
			sourceTree = "<group>";
		};
		6661C23F2C380B9A00D58CDC /* tests */ = {
			isa = PBXGroup;
			children = (
				6661C2382C380B7200D58CDC /* geometrytest.cpp */,
				6661C2362C38092D00D58CDC /* colortest.cpp */,
			);
			path = tests;
			sourceTree = "<group>";
		};
		6679518D2C5217A4009C1DDD /* srcs */ = {
			isa = PBXGroup;
			children = (
				66D166C82C3D9281002E6F7E /* A_Scenery.cpp */,
				66D166C92C3D9281002E6F7E /* A_Scenery.hpp */,
				667951912C5293BB009C1DDD /* ARGBColor.cpp */,
				667951902C5293BB009C1DDD /* ARGBColor.hpp */,
				667951772C427BFD009C1DDD /* camera.cpp */,
				667951782C427BFD009C1DDD /* camera.hpp */,
				6679517C2C46DF55009C1DDD /* geometry.cpp */,
				6679518F2C5293BB009C1DDD /* geometry.hpp */,
				66B6D1C42C3AD3B9008FD6E6 /* Header.h */,
				667951892C5216B7009C1DDD /* Light.cpp */,
				6679518A2C5216B7009C1DDD /* Light.hpp */,
				6661C21A2C38071100D58CDC /* main.cpp */,
				6659C4EB2C39A8F700CC7FAB /* mlx.h */,
				6659C4E12C399E8A00CC7FAB /* MlxImage.cpp */,
				6659C4E22C399E8A00CC7FAB /* MlxImage.hpp */,
				665241D02C5BA6E700BD3A64 /* Ray.cpp */,
				665241D12C5BA6E700BD3A64 /* Ray.hpp */,
				667951702C41AD05009C1DDD /* Scene.cpp */,
				667951712C41AD05009C1DDD /* Scene.hpp */,
				66D166C42C3C172F002E6F7E /* Sphere.cpp */,
				66D166C52C3C172F002E6F7E /* Sphere.hpp */,
			);
			path = srcs;
			sourceTree = "<group>";
		};
/* End PBXGroup section */

/* Begin PBXNativeTarget section */
		6661C2162C38071100D58CDC /* rt */ = {
			isa = PBXNativeTarget;
			buildConfigurationList = 6661C21E2C38071100D58CDC /* Build configuration list for PBXNativeTarget "rt" */;
			buildPhases = (
				6661C2132C38071100D58CDC /* Sources */,
				6661C2142C38071100D58CDC /* Frameworks */,
				6661C2152C38071100D58CDC /* CopyFiles */,
			);
			buildRules = (
			);
			dependencies = (
			);
			name = rt;
			productName = rt;
			productReference = 667951822C4D535C009C1DDD /* rt */;
			productType = "com.apple.product-type.tool";
		};
		6661C23D2C380B9A00D58CDC /* colortest */ = {
			isa = PBXNativeTarget;
			buildConfigurationList = 6661C2422C380B9A00D58CDC /* Build configuration list for PBXNativeTarget "colortest" */;
			buildPhases = (
				6661C23A2C380B9A00D58CDC /* Sources */,
				6661C23B2C380B9A00D58CDC /* Frameworks */,
				6661C23C2C380B9A00D58CDC /* CopyFiles */,
			);
			buildRules = (
			);
			dependencies = (
			);
			name = colortest;
			productName = colortest;
			productReference = 665241CD2C58174000BD3A64 /* colortest */;
			productType = "com.apple.product-type.tool";
		};
		6661C2492C380BFE00D58CDC /* geometrytest */ = {
			isa = PBXNativeTarget;
			buildConfigurationList = 6661C24E2C380BFE00D58CDC /* Build configuration list for PBXNativeTarget "geometrytest" */;
			buildPhases = (
				6661C2462C380BFE00D58CDC /* Sources */,
				6661C2472C380BFE00D58CDC /* Frameworks */,
				6661C2482C380BFE00D58CDC /* CopyFiles */,
			);
			buildRules = (
			);
			dependencies = (
			);
			name = geometrytest;
			productName = geometrytest;
			productReference = 665241CE2C58174000BD3A64 /* geometrytest */;
			productType = "com.apple.product-type.tool";
		};
/* End PBXNativeTarget section */

/* Begin PBXProject section */
		6661C20F2C38071100D58CDC /* Project object */ = {
			isa = PBXProject;
			attributes = {
				BuildIndependentTargetsInParallel = 1;
				LastUpgradeCheck = 1540;
				TargetAttributes = {
					6661C2162C38071100D58CDC = {
						CreatedOnToolsVersion = 15.4;
					};
					6661C23D2C380B9A00D58CDC = {
						CreatedOnToolsVersion = 15.4;
					};
					6661C2492C380BFE00D58CDC = {
						CreatedOnToolsVersion = 15.4;
					};
				};
			};
			buildConfigurationList = 6661C2122C38071100D58CDC /* Build configuration list for PBXProject "rt" */;
			compatibilityVersion = "Xcode 14.0";
			developmentRegion = en;
			hasScannedForEncodings = 0;
			knownRegions = (
				en,
				Base,
			);
			mainGroup = 6661C20E2C38071100D58CDC;
			productRefGroup = 6661C20E2C38071100D58CDC;
			projectDirPath = "";
			projectRoot = "";
			targets = (
				6661C2162C38071100D58CDC /* rt */,
				6661C23D2C380B9A00D58CDC /* colortest */,
				6661C2492C380BFE00D58CDC /* geometrytest */,
			);
		};
/* End PBXProject section */

/* Begin PBXSourcesBuildPhase section */
		6661C2132C38071100D58CDC /* Sources */ = {
			isa = PBXSourcesBuildPhase;
			buildActionMask = 2147483647;
			files = (
				6679518B2C5216B7009C1DDD /* Light.cpp in Sources */,
				6661C21B2C38071100D58CDC /* main.cpp in Sources */,
				665241D22C5BA6E700BD3A64 /* Ray.cpp in Sources */,
				667951722C41AD05009C1DDD /* Scene.cpp in Sources */,
				6679517D2C46DF55009C1DDD /* geometry.cpp in Sources */,
				66D166CA2C3D9281002E6F7E /* A_Scenery.cpp in Sources */,
				6659C4E32C399E8A00CC7FAB /* MlxImage.cpp in Sources */,
				667951792C427BFD009C1DDD /* camera.cpp in Sources */,
				66D166C62C3C172F002E6F7E /* Sphere.cpp in Sources */,
				667951922C5293BB009C1DDD /* ARGBColor.cpp in Sources */,
			);
			runOnlyForDeploymentPostprocessing = 0;
		};
		6661C23A2C380B9A00D58CDC /* Sources */ = {
			isa = PBXSourcesBuildPhase;
			buildActionMask = 2147483647;
			files = (
				6661C2452C380BC200D58CDC /* colortest.cpp in Sources */,
				667951932C52FD48009C1DDD /* ARGBColor.cpp in Sources */,
			);
			runOnlyForDeploymentPostprocessing = 0;
		};
		6661C2462C380BFE00D58CDC /* Sources */ = {
			isa = PBXSourcesBuildPhase;
			buildActionMask = 2147483647;
			files = (
				6661C2532C380C2800D58CDC /* geometrytest.cpp in Sources */,
			);
			runOnlyForDeploymentPostprocessing = 0;
		};
/* End PBXSourcesBuildPhase section */

/* Begin XCBuildConfiguration section */
		6661C21C2C38071100D58CDC /* Debug */ = {
			isa = XCBuildConfiguration;
			buildSettings = {
				ALWAYS_SEARCH_USER_PATHS = NO;
				ASSETCATALOG_COMPILER_GENERATE_SWIFT_ASSET_SYMBOL_EXTENSIONS = YES;
				CLANG_ANALYZER_NONNULL = YES;
				CLANG_ANALYZER_NUMBER_OBJECT_CONVERSION = YES_AGGRESSIVE;
				CLANG_CXX_LANGUAGE_STANDARD = "gnu++20";
				CLANG_ENABLE_MODULES = YES;
				CLANG_ENABLE_OBJC_ARC = YES;
				CLANG_ENABLE_OBJC_WEAK = YES;
				CLANG_WARN_BLOCK_CAPTURE_AUTORELEASING = YES;
				CLANG_WARN_BOOL_CONVERSION = YES;
				CLANG_WARN_COMMA = YES;
				CLANG_WARN_CONSTANT_CONVERSION = YES;
				CLANG_WARN_DEPRECATED_OBJC_IMPLEMENTATIONS = YES;
				CLANG_WARN_DIRECT_OBJC_ISA_USAGE = YES_ERROR;
				CLANG_WARN_DOCUMENTATION_COMMENTS = YES;
				CLANG_WARN_EMPTY_BODY = YES;
				CLANG_WARN_ENUM_CONVERSION = YES;
				CLANG_WARN_INFINITE_RECURSION = YES;
				CLANG_WARN_INT_CONVERSION = YES;
				CLANG_WARN_NON_LITERAL_NULL_CONVERSION = YES;
				CLANG_WARN_OBJC_IMPLICIT_RETAIN_SELF = YES;
				CLANG_WARN_OBJC_LITERAL_CONVERSION = YES;
				CLANG_WARN_OBJC_ROOT_CLASS = YES_ERROR;
				CLANG_WARN_QUOTED_INCLUDE_IN_FRAMEWORK_HEADER = YES;
				CLANG_WARN_RANGE_LOOP_ANALYSIS = YES;
				CLANG_WARN_STRICT_PROTOTYPES = YES;
				CLANG_WARN_SUSPICIOUS_MOVE = YES;
				CLANG_WARN_UNGUARDED_AVAILABILITY = YES_AGGRESSIVE;
				CLANG_WARN_UNREACHABLE_CODE = YES;
				CLANG_WARN__DUPLICATE_METHOD_MATCH = YES;
				COPY_PHASE_STRIP = NO;
				DEBUG_INFORMATION_FORMAT = dwarf;
				ENABLE_STRICT_OBJC_MSGSEND = YES;
				ENABLE_TESTABILITY = YES;
				ENABLE_USER_SCRIPT_SANDBOXING = YES;
				GCC_C_LANGUAGE_STANDARD = gnu17;
				GCC_DYNAMIC_NO_PIC = NO;
				GCC_NO_COMMON_BLOCKS = YES;
				GCC_OPTIMIZATION_LEVEL = 0;
				GCC_PREPROCESSOR_DEFINITIONS = (
					"DEBUG=1",
					"$(inherited)",
				);
				GCC_WARN_64_TO_32_BIT_CONVERSION = YES;
				GCC_WARN_ABOUT_RETURN_TYPE = YES_ERROR;
				GCC_WARN_UNDECLARED_SELECTOR = YES;
				GCC_WARN_UNINITIALIZED_AUTOS = YES_AGGRESSIVE;
				GCC_WARN_UNUSED_FUNCTION = YES;
				GCC_WARN_UNUSED_VARIABLE = YES;
				LOCALIZATION_PREFERS_STRING_CATALOGS = YES;
				MACOSX_DEPLOYMENT_TARGET = 14.5;
				MTL_ENABLE_DEBUG_INFO = INCLUDE_SOURCE;
				MTL_FAST_MATH = YES;
				ONLY_ACTIVE_ARCH = YES;
				SDKROOT = macosx;
			};
			name = Debug;
		};
		6661C21D2C38071100D58CDC /* Release */ = {
			isa = XCBuildConfiguration;
			buildSettings = {
				ALWAYS_SEARCH_USER_PATHS = NO;
				ASSETCATALOG_COMPILER_GENERATE_SWIFT_ASSET_SYMBOL_EXTENSIONS = YES;
				CLANG_ANALYZER_NONNULL = YES;
				CLANG_ANALYZER_NUMBER_OBJECT_CONVERSION = YES_AGGRESSIVE;
				CLANG_CXX_LANGUAGE_STANDARD = "gnu++20";
				CLANG_ENABLE_MODULES = YES;
				CLANG_ENABLE_OBJC_ARC = YES;
				CLANG_ENABLE_OBJC_WEAK = YES;
				CLANG_WARN_BLOCK_CAPTURE_AUTORELEASING = YES;
				CLANG_WARN_BOOL_CONVERSION = YES;
				CLANG_WARN_COMMA = YES;
				CLANG_WARN_CONSTANT_CONVERSION = YES;
				CLANG_WARN_DEPRECATED_OBJC_IMPLEMENTATIONS = YES;
				CLANG_WARN_DIRECT_OBJC_ISA_USAGE = YES_ERROR;
				CLANG_WARN_DOCUMENTATION_COMMENTS = YES;
				CLANG_WARN_EMPTY_BODY = YES;
				CLANG_WARN_ENUM_CONVERSION = YES;
				CLANG_WARN_INFINITE_RECURSION = YES;
				CLANG_WARN_INT_CONVERSION = YES;
				CLANG_WARN_NON_LITERAL_NULL_CONVERSION = YES;
				CLANG_WARN_OBJC_IMPLICIT_RETAIN_SELF = YES;
				CLANG_WARN_OBJC_LITERAL_CONVERSION = YES;
				CLANG_WARN_OBJC_ROOT_CLASS = YES_ERROR;
				CLANG_WARN_QUOTED_INCLUDE_IN_FRAMEWORK_HEADER = YES;
				CLANG_WARN_RANGE_LOOP_ANALYSIS = YES;
				CLANG_WARN_STRICT_PROTOTYPES = YES;
				CLANG_WARN_SUSPICIOUS_MOVE = YES;
				CLANG_WARN_UNGUARDED_AVAILABILITY = YES_AGGRESSIVE;
				CLANG_WARN_UNREACHABLE_CODE = YES;
				CLANG_WARN__DUPLICATE_METHOD_MATCH = YES;
				COPY_PHASE_STRIP = NO;
				DEBUG_INFORMATION_FORMAT = "dwarf-with-dsym";
				ENABLE_NS_ASSERTIONS = NO;
				ENABLE_STRICT_OBJC_MSGSEND = YES;
				ENABLE_USER_SCRIPT_SANDBOXING = YES;
				GCC_C_LANGUAGE_STANDARD = gnu17;
				GCC_NO_COMMON_BLOCKS = YES;
				GCC_WARN_64_TO_32_BIT_CONVERSION = YES;
				GCC_WARN_ABOUT_RETURN_TYPE = YES_ERROR;
				GCC_WARN_UNDECLARED_SELECTOR = YES;
				GCC_WARN_UNINITIALIZED_AUTOS = YES_AGGRESSIVE;
				GCC_WARN_UNUSED_FUNCTION = YES;
				GCC_WARN_UNUSED_VARIABLE = YES;
				LOCALIZATION_PREFERS_STRING_CATALOGS = YES;
				MACOSX_DEPLOYMENT_TARGET = 14.5;
				MTL_ENABLE_DEBUG_INFO = NO;
				MTL_FAST_MATH = YES;
				SDKROOT = macosx;
			};
			name = Release;
		};
		6661C21F2C38071100D58CDC /* Debug */ = {
			isa = XCBuildConfiguration;
			buildSettings = {
				CODE_SIGN_STYLE = Automatic;
				DEVELOPMENT_TEAM = 92PJT7J9M9;
				ENABLE_HARDENED_RUNTIME = YES;
				LIBRARY_SEARCH_PATHS = (
					"$(inherited)",
					"$(PROJECT_DIR)",
				);
				PRODUCT_NAME = "$(TARGET_NAME)";
			};
			name = Debug;
		};
		6661C2202C38071100D58CDC /* Release */ = {
			isa = XCBuildConfiguration;
			buildSettings = {
				CODE_SIGN_STYLE = Automatic;
				DEVELOPMENT_TEAM = 92PJT7J9M9;
				ENABLE_HARDENED_RUNTIME = YES;
				LIBRARY_SEARCH_PATHS = (
					"$(inherited)",
					"$(PROJECT_DIR)",
				);
				PRODUCT_NAME = "$(TARGET_NAME)";
			};
			name = Release;
		};
		6661C2432C380B9A00D58CDC /* Debug */ = {
			isa = XCBuildConfiguration;
			buildSettings = {
				CODE_SIGN_STYLE = Automatic;
				DEVELOPMENT_TEAM = 92PJT7J9M9;
				ENABLE_HARDENED_RUNTIME = YES;
				PRODUCT_NAME = "$(TARGET_NAME)";
			};
			name = Debug;
		};
		6661C2442C380B9A00D58CDC /* Release */ = {
			isa = XCBuildConfiguration;
			buildSettings = {
				CODE_SIGN_STYLE = Automatic;
				DEVELOPMENT_TEAM = 92PJT7J9M9;
				ENABLE_HARDENED_RUNTIME = YES;
				PRODUCT_NAME = "$(TARGET_NAME)";
			};
			name = Release;
		};
		6661C24F2C380BFE00D58CDC /* Debug */ = {
			isa = XCBuildConfiguration;
			buildSettings = {
				CODE_SIGN_STYLE = Automatic;
				DEVELOPMENT_TEAM = 92PJT7J9M9;
				ENABLE_HARDENED_RUNTIME = YES;
				PRODUCT_NAME = "$(TARGET_NAME)";
			};
			name = Debug;
		};
		6661C2502C380BFE00D58CDC /* Release */ = {
			isa = XCBuildConfiguration;
			buildSettings = {
				CODE_SIGN_STYLE = Automatic;
				DEVELOPMENT_TEAM = 92PJT7J9M9;
				ENABLE_HARDENED_RUNTIME = YES;
				PRODUCT_NAME = "$(TARGET_NAME)";
			};
			name = Release;
		};
/* End XCBuildConfiguration section */

/* Begin XCConfigurationList section */
		6661C2122C38071100D58CDC /* Build configuration list for PBXProject "rt" */ = {
			isa = XCConfigurationList;
			buildConfigurations = (
				6661C21C2C38071100D58CDC /* Debug */,
				6661C21D2C38071100D58CDC /* Release */,
			);
			defaultConfigurationIsVisible = 0;
			defaultConfigurationName = Release;
		};
		6661C21E2C38071100D58CDC /* Build configuration list for PBXNativeTarget "rt" */ = {
			isa = XCConfigurationList;
			buildConfigurations = (
				6661C21F2C38071100D58CDC /* Debug */,
				6661C2202C38071100D58CDC /* Release */,
			);
			defaultConfigurationIsVisible = 0;
			defaultConfigurationName = Release;
		};
		6661C2422C380B9A00D58CDC /* Build configuration list for PBXNativeTarget "colortest" */ = {
			isa = XCConfigurationList;
			buildConfigurations = (
				6661C2432C380B9A00D58CDC /* Debug */,
				6661C2442C380B9A00D58CDC /* Release */,
			);
			defaultConfigurationIsVisible = 0;
			defaultConfigurationName = Release;
		};
		6661C24E2C380BFE00D58CDC /* Build configuration list for PBXNativeTarget "geometrytest" */ = {
			isa = XCConfigurationList;
			buildConfigurations = (
				6661C24F2C380BFE00D58CDC /* Debug */,
				6661C2502C380BFE00D58CDC /* Release */,
			);
			defaultConfigurationIsVisible = 0;
			defaultConfigurationName = Release;
		};
/* End XCConfigurationList section */
	};
	rootObject = 6661C20F2C38071100D58CDC /* Project object */;
}
